// !$*UTF8*$!
{
	archiveVersion = 1;
	classes = {
	};
	objectVersion = 56;
	objects = {

/* Begin PBXBuildFile section */
		28BD7FAC164FB6F811EE42DC /* Pods_TicTacToe_TicTacToeUITests.framework in Frameworks */ = {isa = PBXBuildFile; fileRef = 01F038943C58B7B291D709C3 /* Pods_TicTacToe_TicTacToeUITests.framework */; };
		4B5B746F6E47B4EB9D7361B4 /* Pods_TicTacToe.framework in Frameworks */ = {isa = PBXBuildFile; fileRef = 622003E5733FB32DC60B9482 /* Pods_TicTacToe.framework */; };
		5D66B6E92BF4AFFF0098E452 /* TicTacToeApp.swift in Sources */ = {isa = PBXBuildFile; fileRef = 5D66B6E82BF4AFFF0098E452 /* TicTacToeApp.swift */; };
		5D66B6EB2BF4AFFF0098E452 /* ContentView.swift in Sources */ = {isa = PBXBuildFile; fileRef = 5D66B6EA2BF4AFFF0098E452 /* ContentView.swift */; };
		5D66B6ED2BF4B0010098E452 /* Assets.xcassets in Resources */ = {isa = PBXBuildFile; fileRef = 5D66B6EC2BF4B0010098E452 /* Assets.xcassets */; };
		5D66B6F02BF4B0010098E452 /* Preview Assets.xcassets in Resources */ = {isa = PBXBuildFile; fileRef = 5D66B6EF2BF4B0010098E452 /* Preview Assets.xcassets */; };
		5D66B6FA2BF4B0010098E452 /* TicTacToeTests.swift in Sources */ = {isa = PBXBuildFile; fileRef = 5D66B6F92BF4B0010098E452 /* TicTacToeTests.swift */; };
		5D66B7042BF4B0010098E452 /* TicTacToeUITests.swift in Sources */ = {isa = PBXBuildFile; fileRef = 5D66B7032BF4B0010098E452 /* TicTacToeUITests.swift */; };
		5D66B7062BF4B0010098E452 /* TicTacToeUITestsLaunchTests.swift in Sources */ = {isa = PBXBuildFile; fileRef = 5D66B7052BF4B0010098E452 /* TicTacToeUITestsLaunchTests.swift */; };
		5D66B7132BF4B79E0098E452 /* NetworkService.swift in Sources */ = {isa = PBXBuildFile; fileRef = 5D66B7122BF4B79E0098E452 /* NetworkService.swift */; };
		B31D655B0D40D403584D8915 /* Pods_TicTacToeTests.framework in Frameworks */ = {isa = PBXBuildFile; fileRef = 876E037991D33A77131D4FDE /* Pods_TicTacToeTests.framework */; };
/* End PBXBuildFile section */

/* Begin PBXContainerItemProxy section */
		5D66B6F62BF4B0010098E452 /* PBXContainerItemProxy */ = {
			isa = PBXContainerItemProxy;
			containerPortal = 5D66B6DD2BF4AFFF0098E452 /* Project object */;
			proxyType = 1;
			remoteGlobalIDString = 5D66B6E42BF4AFFF0098E452;
			remoteInfo = TicTacToe;
		};
		5D66B7002BF4B0010098E452 /* PBXContainerItemProxy */ = {
			isa = PBXContainerItemProxy;
			containerPortal = 5D66B6DD2BF4AFFF0098E452 /* Project object */;
			proxyType = 1;
			remoteGlobalIDString = 5D66B6E42BF4AFFF0098E452;
			remoteInfo = TicTacToe;
		};
/* End PBXContainerItemProxy section */

/* Begin PBXFileReference section */
		01F038943C58B7B291D709C3 /* Pods_TicTacToe_TicTacToeUITests.framework */ = {isa = PBXFileReference; explicitFileType = wrapper.framework; includeInIndex = 0; path = Pods_TicTacToe_TicTacToeUITests.framework; sourceTree = BUILT_PRODUCTS_DIR; };
		54D4DF176DF98B1F6220A3A3 /* Pods-TicTacToe.release.xcconfig */ = {isa = PBXFileReference; includeInIndex = 1; lastKnownFileType = text.xcconfig; name = "Pods-TicTacToe.release.xcconfig"; path = "Target Support Files/Pods-TicTacToe/Pods-TicTacToe.release.xcconfig"; sourceTree = "<group>"; };
		5D66B6E52BF4AFFF0098E452 /* TicTacToe.app */ = {isa = PBXFileReference; explicitFileType = wrapper.application; includeInIndex = 0; path = TicTacToe.app; sourceTree = BUILT_PRODUCTS_DIR; };
		5D66B6E82BF4AFFF0098E452 /* TicTacToeApp.swift */ = {isa = PBXFileReference; lastKnownFileType = sourcecode.swift; path = TicTacToeApp.swift; sourceTree = "<group>"; };
		5D66B6EA2BF4AFFF0098E452 /* ContentView.swift */ = {isa = PBXFileReference; lastKnownFileType = sourcecode.swift; path = ContentView.swift; sourceTree = "<group>"; };
		5D66B6EC2BF4B0010098E452 /* Assets.xcassets */ = {isa = PBXFileReference; lastKnownFileType = folder.assetcatalog; path = Assets.xcassets; sourceTree = "<group>"; };
		5D66B6EF2BF4B0010098E452 /* Preview Assets.xcassets */ = {isa = PBXFileReference; lastKnownFileType = folder.assetcatalog; path = "Preview Assets.xcassets"; sourceTree = "<group>"; };
		5D66B6F52BF4B0010098E452 /* TicTacToeTests.xctest */ = {isa = PBXFileReference; explicitFileType = wrapper.cfbundle; includeInIndex = 0; path = TicTacToeTests.xctest; sourceTree = BUILT_PRODUCTS_DIR; };
		5D66B6F92BF4B0010098E452 /* TicTacToeTests.swift */ = {isa = PBXFileReference; lastKnownFileType = sourcecode.swift; path = TicTacToeTests.swift; sourceTree = "<group>"; };
		5D66B6FF2BF4B0010098E452 /* TicTacToeUITests.xctest */ = {isa = PBXFileReference; explicitFileType = wrapper.cfbundle; includeInIndex = 0; path = TicTacToeUITests.xctest; sourceTree = BUILT_PRODUCTS_DIR; };
		5D66B7032BF4B0010098E452 /* TicTacToeUITests.swift */ = {isa = PBXFileReference; lastKnownFileType = sourcecode.swift; path = TicTacToeUITests.swift; sourceTree = "<group>"; };
		5D66B7052BF4B0010098E452 /* TicTacToeUITestsLaunchTests.swift */ = {isa = PBXFileReference; lastKnownFileType = sourcecode.swift; path = TicTacToeUITestsLaunchTests.swift; sourceTree = "<group>"; };
		5D66B7122BF4B79E0098E452 /* NetworkService.swift */ = {isa = PBXFileReference; lastKnownFileType = sourcecode.swift; path = NetworkService.swift; sourceTree = "<group>"; };
		622003E5733FB32DC60B9482 /* Pods_TicTacToe.framework */ = {isa = PBXFileReference; explicitFileType = wrapper.framework; includeInIndex = 0; path = Pods_TicTacToe.framework; sourceTree = BUILT_PRODUCTS_DIR; };
		876E037991D33A77131D4FDE /* Pods_TicTacToeTests.framework */ = {isa = PBXFileReference; explicitFileType = wrapper.framework; includeInIndex = 0; path = Pods_TicTacToeTests.framework; sourceTree = BUILT_PRODUCTS_DIR; };
		8FF4F2F73CA3C0B3C7EE0975 /* Pods-TicTacToe-TicTacToeUITests.debug.xcconfig */ = {isa = PBXFileReference; includeInIndex = 1; lastKnownFileType = text.xcconfig; name = "Pods-TicTacToe-TicTacToeUITests.debug.xcconfig"; path = "Target Support Files/Pods-TicTacToe-TicTacToeUITests/Pods-TicTacToe-TicTacToeUITests.debug.xcconfig"; sourceTree = "<group>"; };
		9FB7A135A904713689E6514F /* Pods-TicTacToeTests.debug.xcconfig */ = {isa = PBXFileReference; includeInIndex = 1; lastKnownFileType = text.xcconfig; name = "Pods-TicTacToeTests.debug.xcconfig"; path = "Target Support Files/Pods-TicTacToeTests/Pods-TicTacToeTests.debug.xcconfig"; sourceTree = "<group>"; };
		C068761F1CECE0DF8C8E16C9 /* Pods-TicTacToeTests.release.xcconfig */ = {isa = PBXFileReference; includeInIndex = 1; lastKnownFileType = text.xcconfig; name = "Pods-TicTacToeTests.release.xcconfig"; path = "Target Support Files/Pods-TicTacToeTests/Pods-TicTacToeTests.release.xcconfig"; sourceTree = "<group>"; };
		CE7D6E7EE2CE28F17F586D96 /* Pods-TicTacToe.debug.xcconfig */ = {isa = PBXFileReference; includeInIndex = 1; lastKnownFileType = text.xcconfig; name = "Pods-TicTacToe.debug.xcconfig"; path = "Target Support Files/Pods-TicTacToe/Pods-TicTacToe.debug.xcconfig"; sourceTree = "<group>"; };
		EAF9CB07B4CB1660DBCF1866 /* Pods-TicTacToe-TicTacToeUITests.release.xcconfig */ = {isa = PBXFileReference; includeInIndex = 1; lastKnownFileType = text.xcconfig; name = "Pods-TicTacToe-TicTacToeUITests.release.xcconfig"; path = "Target Support Files/Pods-TicTacToe-TicTacToeUITests/Pods-TicTacToe-TicTacToeUITests.release.xcconfig"; sourceTree = "<group>"; };
/* End PBXFileReference section */

/* Begin PBXFrameworksBuildPhase section */
		5D66B6E22BF4AFFF0098E452 /* Frameworks */ = {
			isa = PBXFrameworksBuildPhase;
			buildActionMask = 2147483647;
			files = (
				4B5B746F6E47B4EB9D7361B4 /* Pods_TicTacToe.framework in Frameworks */,
			);
			runOnlyForDeploymentPostprocessing = 0;
		};
		5D66B6F22BF4B0010098E452 /* Frameworks */ = {
			isa = PBXFrameworksBuildPhase;
			buildActionMask = 2147483647;
			files = (
				B31D655B0D40D403584D8915 /* Pods_TicTacToeTests.framework in Frameworks */,
			);
			runOnlyForDeploymentPostprocessing = 0;
		};
		5D66B6FC2BF4B0010098E452 /* Frameworks */ = {
			isa = PBXFrameworksBuildPhase;
			buildActionMask = 2147483647;
			files = (
				28BD7FAC164FB6F811EE42DC /* Pods_TicTacToe_TicTacToeUITests.framework in Frameworks */,
			);
			runOnlyForDeploymentPostprocessing = 0;
		};
/* End PBXFrameworksBuildPhase section */

/* Begin PBXGroup section */
		2BF697FA4EE93E3EBD6C7BE4 /* Pods */ = {
			isa = PBXGroup;
			children = (
				CE7D6E7EE2CE28F17F586D96 /* Pods-TicTacToe.debug.xcconfig */,
				54D4DF176DF98B1F6220A3A3 /* Pods-TicTacToe.release.xcconfig */,
				8FF4F2F73CA3C0B3C7EE0975 /* Pods-TicTacToe-TicTacToeUITests.debug.xcconfig */,
				EAF9CB07B4CB1660DBCF1866 /* Pods-TicTacToe-TicTacToeUITests.release.xcconfig */,
				9FB7A135A904713689E6514F /* Pods-TicTacToeTests.debug.xcconfig */,
				C068761F1CECE0DF8C8E16C9 /* Pods-TicTacToeTests.release.xcconfig */,
			);
			path = Pods;
			sourceTree = "<group>";
		};
		5D66B6DC2BF4AFFF0098E452 = {
			isa = PBXGroup;
			children = (
				5D66B6E72BF4AFFF0098E452 /* TicTacToe */,
				5D66B6F82BF4B0010098E452 /* TicTacToeTests */,
				5D66B7022BF4B0010098E452 /* TicTacToeUITests */,
				5D66B6E62BF4AFFF0098E452 /* Products */,
				2BF697FA4EE93E3EBD6C7BE4 /* Pods */,
				80001FE14D86D50ED8172DFE /* Frameworks */,
			);
			sourceTree = "<group>";
		};
		5D66B6E62BF4AFFF0098E452 /* Products */ = {
			isa = PBXGroup;
			children = (
				5D66B6E52BF4AFFF0098E452 /* TicTacToe.app */,
				5D66B6F52BF4B0010098E452 /* TicTacToeTests.xctest */,
				5D66B6FF2BF4B0010098E452 /* TicTacToeUITests.xctest */,
			);
			name = Products;
			sourceTree = "<group>";
		};
		5D66B6E72BF4AFFF0098E452 /* TicTacToe */ = {
			isa = PBXGroup;
			children = (
				5D66B6E82BF4AFFF0098E452 /* TicTacToeApp.swift */,
				5D66B6EA2BF4AFFF0098E452 /* ContentView.swift */,
				5D66B6EC2BF4B0010098E452 /* Assets.xcassets */,
				5D66B6EE2BF4B0010098E452 /* Preview Content */,
				5D66B7122BF4B79E0098E452 /* NetworkService.swift */,
			);
			path = TicTacToe;
			sourceTree = "<group>";
		};
		5D66B6EE2BF4B0010098E452 /* Preview Content */ = {
			isa = PBXGroup;
			children = (
				5D66B6EF2BF4B0010098E452 /* Preview Assets.xcassets */,
			);
			path = "Preview Content";
			sourceTree = "<group>";
		};
		5D66B6F82BF4B0010098E452 /* TicTacToeTests */ = {
			isa = PBXGroup;
			children = (
				5D66B6F92BF4B0010098E452 /* TicTacToeTests.swift */,
			);
			path = TicTacToeTests;
			sourceTree = "<group>";
		};
		5D66B7022BF4B0010098E452 /* TicTacToeUITests */ = {
			isa = PBXGroup;
			children = (
				5D66B7032BF4B0010098E452 /* TicTacToeUITests.swift */,
				5D66B7052BF4B0010098E452 /* TicTacToeUITestsLaunchTests.swift */,
			);
			path = TicTacToeUITests;
			sourceTree = "<group>";
		};
		80001FE14D86D50ED8172DFE /* Frameworks */ = {
			isa = PBXGroup;
			children = (
				622003E5733FB32DC60B9482 /* Pods_TicTacToe.framework */,
				01F038943C58B7B291D709C3 /* Pods_TicTacToe_TicTacToeUITests.framework */,
				876E037991D33A77131D4FDE /* Pods_TicTacToeTests.framework */,
			);
			name = Frameworks;
			sourceTree = "<group>";
		};
/* End PBXGroup section */

/* Begin PBXNativeTarget section */
		5D66B6E42BF4AFFF0098E452 /* TicTacToe */ = {
			isa = PBXNativeTarget;
			buildConfigurationList = 5D66B7092BF4B0010098E452 /* Build configuration list for PBXNativeTarget "TicTacToe" */;
			buildPhases = (
				A3E06E9A23EEBEFA07C71920 /* [CP] Check Pods Manifest.lock */,
				5D66B6E12BF4AFFF0098E452 /* Sources */,
				5D66B6E22BF4AFFF0098E452 /* Frameworks */,
				5D66B6E32BF4AFFF0098E452 /* Resources */,
				AC7D53C246C8E1AE6A08DB6D /* [CP] Embed Pods Frameworks */,
			);
			buildRules = (
			);
			dependencies = (
			);
			name = TicTacToe;
			productName = TicTacToe;
			productReference = 5D66B6E52BF4AFFF0098E452 /* TicTacToe.app */;
			productType = "com.apple.product-type.application";
		};
		5D66B6F42BF4B0010098E452 /* TicTacToeTests */ = {
			isa = PBXNativeTarget;
			buildConfigurationList = 5D66B70C2BF4B0010098E452 /* Build configuration list for PBXNativeTarget "TicTacToeTests" */;
			buildPhases = (
				289101C51B7A48001F1998DF /* [CP] Check Pods Manifest.lock */,
				5D66B6F12BF4B0010098E452 /* Sources */,
				5D66B6F22BF4B0010098E452 /* Frameworks */,
				5D66B6F32BF4B0010098E452 /* Resources */,
			);
			buildRules = (
			);
			dependencies = (
				5D66B6F72BF4B0010098E452 /* PBXTargetDependency */,
			);
			name = TicTacToeTests;
			productName = TicTacToeTests;
			productReference = 5D66B6F52BF4B0010098E452 /* TicTacToeTests.xctest */;
			productType = "com.apple.product-type.bundle.unit-test";
		};
		5D66B6FE2BF4B0010098E452 /* TicTacToeUITests */ = {
			isa = PBXNativeTarget;
			buildConfigurationList = 5D66B70F2BF4B0010098E452 /* Build configuration list for PBXNativeTarget "TicTacToeUITests" */;
			buildPhases = (
				6CD2CF1ACC00D6C04D838972 /* [CP] Check Pods Manifest.lock */,
				5D66B6FB2BF4B0010098E452 /* Sources */,
				5D66B6FC2BF4B0010098E452 /* Frameworks */,
				5D66B6FD2BF4B0010098E452 /* Resources */,
				3C10E11F4DCCB0A35826BA87 /* [CP] Embed Pods Frameworks */,
			);
			buildRules = (
			);
			dependencies = (
				5D66B7012BF4B0010098E452 /* PBXTargetDependency */,
			);
			name = TicTacToeUITests;
			productName = TicTacToeUITests;
			productReference = 5D66B6FF2BF4B0010098E452 /* TicTacToeUITests.xctest */;
			productType = "com.apple.product-type.bundle.ui-testing";
		};
/* End PBXNativeTarget section */

/* Begin PBXProject section */
		5D66B6DD2BF4AFFF0098E452 /* Project object */ = {
			isa = PBXProject;
			attributes = {
				BuildIndependentTargetsInParallel = 1;
				LastSwiftUpdateCheck = 1530;
				LastUpgradeCheck = 1530;
				TargetAttributes = {
					5D66B6E42BF4AFFF0098E452 = {
						CreatedOnToolsVersion = 15.3;
					};
					5D66B6F42BF4B0010098E452 = {
						CreatedOnToolsVersion = 15.3;
						TestTargetID = 5D66B6E42BF4AFFF0098E452;
					};
					5D66B6FE2BF4B0010098E452 = {
						CreatedOnToolsVersion = 15.3;
						TestTargetID = 5D66B6E42BF4AFFF0098E452;
					};
				};
			};
			buildConfigurationList = 5D66B6E02BF4AFFF0098E452 /* Build configuration list for PBXProject "TicTacToe" */;
			compatibilityVersion = "Xcode 14.0";
			developmentRegion = en;
			hasScannedForEncodings = 0;
			knownRegions = (
				en,
				Base,
			);
			mainGroup = 5D66B6DC2BF4AFFF0098E452;
			productRefGroup = 5D66B6E62BF4AFFF0098E452 /* Products */;
			projectDirPath = "";
			projectRoot = "";
			targets = (
				5D66B6E42BF4AFFF0098E452 /* TicTacToe */,
				5D66B6F42BF4B0010098E452 /* TicTacToeTests */,
				5D66B6FE2BF4B0010098E452 /* TicTacToeUITests */,
			);
		};
/* End PBXProject section */

/* Begin PBXResourcesBuildPhase section */
		5D66B6E32BF4AFFF0098E452 /* Resources */ = {
			isa = PBXResourcesBuildPhase;
			buildActionMask = 2147483647;
			files = (
				5D66B6F02BF4B0010098E452 /* Preview Assets.xcassets in Resources */,
				5D66B6ED2BF4B0010098E452 /* Assets.xcassets in Resources */,
			);
			runOnlyForDeploymentPostprocessing = 0;
		};
		5D66B6F32BF4B0010098E452 /* Resources */ = {
			isa = PBXResourcesBuildPhase;
			buildActionMask = 2147483647;
			files = (
			);
			runOnlyForDeploymentPostprocessing = 0;
		};
		5D66B6FD2BF4B0010098E452 /* Resources */ = {
			isa = PBXResourcesBuildPhase;
			buildActionMask = 2147483647;
			files = (
			);
			runOnlyForDeploymentPostprocessing = 0;
		};
/* End PBXResourcesBuildPhase section */

/* Begin PBXShellScriptBuildPhase section */
		289101C51B7A48001F1998DF /* [CP] Check Pods Manifest.lock */ = {
			isa = PBXShellScriptBuildPhase;
			buildActionMask = 2147483647;
			files = (
			);
			inputFileListPaths = (
			);
			inputPaths = (
				"${PODS_PODFILE_DIR_PATH}/Podfile.lock",
				"${PODS_ROOT}/Manifest.lock",
			);
			name = "[CP] Check Pods Manifest.lock";
			outputFileListPaths = (
			);
			outputPaths = (
				"$(DERIVED_FILE_DIR)/Pods-TicTacToeTests-checkManifestLockResult.txt",
			);
			runOnlyForDeploymentPostprocessing = 0;
			shellPath = /bin/sh;
			shellScript = "diff \"${PODS_PODFILE_DIR_PATH}/Podfile.lock\" \"${PODS_ROOT}/Manifest.lock\" > /dev/null\nif [ $? != 0 ] ; then\n    # print error to STDERR\n    echo \"error: The sandbox is not in sync with the Podfile.lock. Run 'pod install' or update your CocoaPods installation.\" >&2\n    exit 1\nfi\n# This output is used by Xcode 'outputs' to avoid re-running this script phase.\necho \"SUCCESS\" > \"${SCRIPT_OUTPUT_FILE_0}\"\n";
			showEnvVarsInLog = 0;
		};
		3C10E11F4DCCB0A35826BA87 /* [CP] Embed Pods Frameworks */ = {
			isa = PBXShellScriptBuildPhase;
			buildActionMask = 2147483647;
			files = (
			);
			inputFileListPaths = (
				"${PODS_ROOT}/Target Support Files/Pods-TicTacToe-TicTacToeUITests/Pods-TicTacToe-TicTacToeUITests-frameworks-${CONFIGURATION}-input-files.xcfilelist",
			);
			name = "[CP] Embed Pods Frameworks";
			outputFileListPaths = (
				"${PODS_ROOT}/Target Support Files/Pods-TicTacToe-TicTacToeUITests/Pods-TicTacToe-TicTacToeUITests-frameworks-${CONFIGURATION}-output-files.xcfilelist",
			);
			runOnlyForDeploymentPostprocessing = 0;
			shellPath = /bin/sh;
			shellScript = "\"${PODS_ROOT}/Target Support Files/Pods-TicTacToe-TicTacToeUITests/Pods-TicTacToe-TicTacToeUITests-frameworks.sh\"\n";
			showEnvVarsInLog = 0;
		};
		6CD2CF1ACC00D6C04D838972 /* [CP] Check Pods Manifest.lock */ = {
			isa = PBXShellScriptBuildPhase;
			buildActionMask = 2147483647;
			files = (
			);
			inputFileListPaths = (
			);
			inputPaths = (
				"${PODS_PODFILE_DIR_PATH}/Podfile.lock",
				"${PODS_ROOT}/Manifest.lock",
			);
			name = "[CP] Check Pods Manifest.lock";
			outputFileListPaths = (
			);
			outputPaths = (
				"$(DERIVED_FILE_DIR)/Pods-TicTacToe-TicTacToeUITests-checkManifestLockResult.txt",
			);
			runOnlyForDeploymentPostprocessing = 0;
			shellPath = /bin/sh;
			shellScript = "diff \"${PODS_PODFILE_DIR_PATH}/Podfile.lock\" \"${PODS_ROOT}/Manifest.lock\" > /dev/null\nif [ $? != 0 ] ; then\n    # print error to STDERR\n    echo \"error: The sandbox is not in sync with the Podfile.lock. Run 'pod install' or update your CocoaPods installation.\" >&2\n    exit 1\nfi\n# This output is used by Xcode 'outputs' to avoid re-running this script phase.\necho \"SUCCESS\" > \"${SCRIPT_OUTPUT_FILE_0}\"\n";
			showEnvVarsInLog = 0;
		};
		A3E06E9A23EEBEFA07C71920 /* [CP] Check Pods Manifest.lock */ = {
			isa = PBXShellScriptBuildPhase;
			buildActionMask = 2147483647;
			files = (
			);
			inputFileListPaths = (
			);
			inputPaths = (
				"${PODS_PODFILE_DIR_PATH}/Podfile.lock",
				"${PODS_ROOT}/Manifest.lock",
			);
			name = "[CP] Check Pods Manifest.lock";
			outputFileListPaths = (
			);
			outputPaths = (
				"$(DERIVED_FILE_DIR)/Pods-TicTacToe-checkManifestLockResult.txt",
			);
			runOnlyForDeploymentPostprocessing = 0;
			shellPath = /bin/sh;
			shellScript = "diff \"${PODS_PODFILE_DIR_PATH}/Podfile.lock\" \"${PODS_ROOT}/Manifest.lock\" > /dev/null\nif [ $? != 0 ] ; then\n    # print error to STDERR\n    echo \"error: The sandbox is not in sync with the Podfile.lock. Run 'pod install' or update your CocoaPods installation.\" >&2\n    exit 1\nfi\n# This output is used by Xcode 'outputs' to avoid re-running this script phase.\necho \"SUCCESS\" > \"${SCRIPT_OUTPUT_FILE_0}\"\n";
			showEnvVarsInLog = 0;
		};
		AC7D53C246C8E1AE6A08DB6D /* [CP] Embed Pods Frameworks */ = {
			isa = PBXShellScriptBuildPhase;
			buildActionMask = 2147483647;
			files = (
			);
			inputFileListPaths = (
				"${PODS_ROOT}/Target Support Files/Pods-TicTacToe/Pods-TicTacToe-frameworks-${CONFIGURATION}-input-files.xcfilelist",
			);
			name = "[CP] Embed Pods Frameworks";
			outputFileListPaths = (
				"${PODS_ROOT}/Target Support Files/Pods-TicTacToe/Pods-TicTacToe-frameworks-${CONFIGURATION}-output-files.xcfilelist",
			);
			runOnlyForDeploymentPostprocessing = 0;
			shellPath = /bin/sh;
			shellScript = "\"${PODS_ROOT}/Target Support Files/Pods-TicTacToe/Pods-TicTacToe-frameworks.sh\"\n";
			showEnvVarsInLog = 0;
		};
/* End PBXShellScriptBuildPhase section */

/* Begin PBXSourcesBuildPhase section */
		5D66B6E12BF4AFFF0098E452 /* Sources */ = {
			isa = PBXSourcesBuildPhase;
			buildActionMask = 2147483647;
			files = (
				5D66B6EB2BF4AFFF0098E452 /* ContentView.swift in Sources */,
				5D66B7132BF4B79E0098E452 /* NetworkService.swift in Sources */,
				5D66B6E92BF4AFFF0098E452 /* TicTacToeApp.swift in Sources */,
			);
			runOnlyForDeploymentPostprocessing = 0;
		};
		5D66B6F12BF4B0010098E452 /* Sources */ = {
			isa = PBXSourcesBuildPhase;
			buildActionMask = 2147483647;
			files = (
				5D66B6FA2BF4B0010098E452 /* TicTacToeTests.swift in Sources */,
			);
			runOnlyForDeploymentPostprocessing = 0;
		};
		5D66B6FB2BF4B0010098E452 /* Sources */ = {
			isa = PBXSourcesBuildPhase;
			buildActionMask = 2147483647;
			files = (
				5D66B7042BF4B0010098E452 /* TicTacToeUITests.swift in Sources */,
				5D66B7062BF4B0010098E452 /* TicTacToeUITestsLaunchTests.swift in Sources */,
			);
			runOnlyForDeploymentPostprocessing = 0;
		};
/* End PBXSourcesBuildPhase section */

/* Begin PBXTargetDependency section */
		5D66B6F72BF4B0010098E452 /* PBXTargetDependency */ = {
			isa = PBXTargetDependency;
			target = 5D66B6E42BF4AFFF0098E452 /* TicTacToe */;
			targetProxy = 5D66B6F62BF4B0010098E452 /* PBXContainerItemProxy */;
		};
		5D66B7012BF4B0010098E452 /* PBXTargetDependency */ = {
			isa = PBXTargetDependency;
			target = 5D66B6E42BF4AFFF0098E452 /* TicTacToe */;
			targetProxy = 5D66B7002BF4B0010098E452 /* PBXContainerItemProxy */;
		};
/* End PBXTargetDependency section */

/* Begin XCBuildConfiguration section */
		5D66B7072BF4B0010098E452 /* Debug */ = {
			isa = XCBuildConfiguration;
			buildSettings = {
				ALWAYS_EMBED_SWIFT_STANDARD_LIBRARIES = YES;
				ALWAYS_SEARCH_USER_PATHS = NO;
				ASSETCATALOG_COMPILER_GENERATE_SWIFT_ASSET_SYMBOL_EXTENSIONS = YES;
				CLANG_ANALYZER_NONNULL = YES;
				CLANG_ANALYZER_NUMBER_OBJECT_CONVERSION = YES_AGGRESSIVE;
				CLANG_CXX_LANGUAGE_STANDARD = "gnu++20";
				CLANG_ENABLE_MODULES = YES;
				CLANG_ENABLE_OBJC_ARC = YES;
				CLANG_ENABLE_OBJC_WEAK = YES;
				CLANG_WARN_BLOCK_CAPTURE_AUTORELEASING = YES;
				CLANG_WARN_BOOL_CONVERSION = YES;
				CLANG_WARN_COMMA = YES;
				CLANG_WARN_CONSTANT_CONVERSION = YES;
				CLANG_WARN_DEPRECATED_OBJC_IMPLEMENTATIONS = YES;
				CLANG_WARN_DIRECT_OBJC_ISA_USAGE = YES_ERROR;
				CLANG_WARN_DOCUMENTATION_COMMENTS = YES;
				CLANG_WARN_EMPTY_BODY = YES;
				CLANG_WARN_ENUM_CONVERSION = YES;
				CLANG_WARN_INFINITE_RECURSION = YES;
				CLANG_WARN_INT_CONVERSION = YES;
				CLANG_WARN_NON_LITERAL_NULL_CONVERSION = YES;
				CLANG_WARN_OBJC_IMPLICIT_RETAIN_SELF = YES;
				CLANG_WARN_OBJC_LITERAL_CONVERSION = YES;
				CLANG_WARN_OBJC_ROOT_CLASS = YES_ERROR;
				CLANG_WARN_QUOTED_INCLUDE_IN_FRAMEWORK_HEADER = YES;
				CLANG_WARN_RANGE_LOOP_ANALYSIS = YES;
				CLANG_WARN_STRICT_PROTOTYPES = YES;
				CLANG_WARN_SUSPICIOUS_MOVE = YES;
				CLANG_WARN_UNGUARDED_AVAILABILITY = YES_AGGRESSIVE;
				CLANG_WARN_UNREACHABLE_CODE = YES;
				CLANG_WARN__DUPLICATE_METHOD_MATCH = YES;
				COPY_PHASE_STRIP = NO;
				DEBUG_INFORMATION_FORMAT = dwarf;
				ENABLE_STRICT_OBJC_MSGSEND = YES;
				ENABLE_TESTABILITY = YES;
				ENABLE_USER_SCRIPT_SANDBOXING = YES;
				GCC_C_LANGUAGE_STANDARD = gnu17;
				GCC_DYNAMIC_NO_PIC = NO;
				GCC_NO_COMMON_BLOCKS = YES;
				GCC_OPTIMIZATION_LEVEL = 0;
				GCC_PREPROCESSOR_DEFINITIONS = (
					"DEBUG=1",
					"$(inherited)",
				);
				GCC_WARN_64_TO_32_BIT_CONVERSION = YES;
				GCC_WARN_ABOUT_RETURN_TYPE = YES_ERROR;
				GCC_WARN_UNDECLARED_SELECTOR = YES;
				GCC_WARN_UNINITIALIZED_AUTOS = YES_AGGRESSIVE;
				GCC_WARN_UNUSED_FUNCTION = YES;
				GCC_WARN_UNUSED_VARIABLE = YES;
				IPHONEOS_DEPLOYMENT_TARGET = 17.4;
				LOCALIZATION_PREFERS_STRING_CATALOGS = YES;
				MTL_ENABLE_DEBUG_INFO = INCLUDE_SOURCE;
				MTL_FAST_MATH = YES;
				ONLY_ACTIVE_ARCH = YES;
				SDKROOT = iphoneos;
				SWIFT_ACTIVE_COMPILATION_CONDITIONS = "DEBUG $(inherited)";
				SWIFT_OPTIMIZATION_LEVEL = "-Onone";
			};
			name = Debug;
		};
		5D66B7082BF4B0010098E452 /* Release */ = {
			isa = XCBuildConfiguration;
			buildSettings = {
				ALWAYS_EMBED_SWIFT_STANDARD_LIBRARIES = YES;
				ALWAYS_SEARCH_USER_PATHS = NO;
				ASSETCATALOG_COMPILER_GENERATE_SWIFT_ASSET_SYMBOL_EXTENSIONS = YES;
				CLANG_ANALYZER_NONNULL = YES;
				CLANG_ANALYZER_NUMBER_OBJECT_CONVERSION = YES_AGGRESSIVE;
				CLANG_CXX_LANGUAGE_STANDARD = "gnu++20";
				CLANG_ENABLE_MODULES = YES;
				CLANG_ENABLE_OBJC_ARC = YES;
				CLANG_ENABLE_OBJC_WEAK = YES;
				CLANG_WARN_BLOCK_CAPTURE_AUTORELEASING = YES;
				CLANG_WARN_BOOL_CONVERSION = YES;
				CLANG_WARN_COMMA = YES;
				CLANG_WARN_CONSTANT_CONVERSION = YES;
				CLANG_WARN_DEPRECATED_OBJC_IMPLEMENTATIONS = YES;
				CLANG_WARN_DIRECT_OBJC_ISA_USAGE = YES_ERROR;
				CLANG_WARN_DOCUMENTATION_COMMENTS = YES;
				CLANG_WARN_EMPTY_BODY = YES;
				CLANG_WARN_ENUM_CONVERSION = YES;
				CLANG_WARN_INFINITE_RECURSION = YES;
				CLANG_WARN_INT_CONVERSION = YES;
				CLANG_WARN_NON_LITERAL_NULL_CONVERSION = YES;
				CLANG_WARN_OBJC_IMPLICIT_RETAIN_SELF = YES;
				CLANG_WARN_OBJC_LITERAL_CONVERSION = YES;
				CLANG_WARN_OBJC_ROOT_CLASS = YES_ERROR;
				CLANG_WARN_QUOTED_INCLUDE_IN_FRAMEWORK_HEADER = YES;
				CLANG_WARN_RANGE_LOOP_ANALYSIS = YES;
				CLANG_WARN_STRICT_PROTOTYPES = YES;
				CLANG_WARN_SUSPICIOUS_MOVE = YES;
				CLANG_WARN_UNGUARDED_AVAILABILITY = YES_AGGRESSIVE;
				CLANG_WARN_UNREACHABLE_CODE = YES;
				CLANG_WARN__DUPLICATE_METHOD_MATCH = YES;
				COPY_PHASE_STRIP = NO;
				DEBUG_INFORMATION_FORMAT = "dwarf-with-dsym";
				ENABLE_NS_ASSERTIONS = NO;
				ENABLE_STRICT_OBJC_MSGSEND = YES;
				ENABLE_USER_SCRIPT_SANDBOXING = YES;
				GCC_C_LANGUAGE_STANDARD = gnu17;
				GCC_NO_COMMON_BLOCKS = YES;
				GCC_WARN_64_TO_32_BIT_CONVERSION = YES;
				GCC_WARN_ABOUT_RETURN_TYPE = YES_ERROR;
				GCC_WARN_UNDECLARED_SELECTOR = YES;
				GCC_WARN_UNINITIALIZED_AUTOS = YES_AGGRESSIVE;
				GCC_WARN_UNUSED_FUNCTION = YES;
				GCC_WARN_UNUSED_VARIABLE = YES;
				IPHONEOS_DEPLOYMENT_TARGET = 17.4;
				LOCALIZATION_PREFERS_STRING_CATALOGS = YES;
				MTL_ENABLE_DEBUG_INFO = NO;
				MTL_FAST_MATH = YES;
				SDKROOT = iphoneos;
				SWIFT_COMPILATION_MODE = wholemodule;
				VALIDATE_PRODUCT = YES;
			};
			name = Release;
		};
		5D66B70A2BF4B0010098E452 /* Debug */ = {
			isa = XCBuildConfiguration;
			baseConfigurationReference = CE7D6E7EE2CE28F17F586D96 /* Pods-TicTacToe.debug.xcconfig */;
			buildSettings = {
				ALWAYS_EMBED_SWIFT_STANDARD_LIBRARIES = "$(inherited)";
				ASSETCATALOG_COMPILER_APPICON_NAME = AppIcon;
				ASSETCATALOG_COMPILER_GLOBAL_ACCENT_COLOR_NAME = AccentColor;
				CODE_SIGN_STYLE = Automatic;
				CURRENT_PROJECT_VERSION = 1;
				DEVELOPMENT_ASSET_PATHS = "\"TicTacToe/Preview Content\"";
				ENABLE_PREVIEWS = YES;
				ENABLE_USER_SCRIPT_SANDBOXING = NO;
				GENERATE_INFOPLIST_FILE = YES;
				INFOPLIST_KEY_UIApplicationSceneManifest_Generation = YES;
				INFOPLIST_KEY_UIApplicationSupportsIndirectInputEvents = YES;
				INFOPLIST_KEY_UILaunchScreen_Generation = YES;
				INFOPLIST_KEY_UISupportedInterfaceOrientations_iPad = "UIInterfaceOrientationPortrait UIInterfaceOrientationPortraitUpsideDown UIInterfaceOrientationLandscapeLeft UIInterfaceOrientationLandscapeRight";
				INFOPLIST_KEY_UISupportedInterfaceOrientations_iPhone = "UIInterfaceOrientationPortrait UIInterfaceOrientationLandscapeLeft UIInterfaceOrientationLandscapeRight";
				LD_RUNPATH_SEARCH_PATHS = (
					"$(inherited)",
					"@executable_path/Frameworks",
				);
				MARKETING_VERSION = 1.0;
				PRODUCT_BUNDLE_IDENTIFIER = asirenko.TicTacToe;
				PRODUCT_NAME = "$(TARGET_NAME)";
				SWIFT_EMIT_LOC_STRINGS = YES;
				SWIFT_VERSION = 5.0;
				TARGETED_DEVICE_FAMILY = "1,2";
			};
			name = Debug;
		};
		5D66B70B2BF4B0010098E452 /* Release */ = {
			isa = XCBuildConfiguration;
			baseConfigurationReference = 54D4DF176DF98B1F6220A3A3 /* Pods-TicTacToe.release.xcconfig */;
			buildSettings = {
				ALWAYS_EMBED_SWIFT_STANDARD_LIBRARIES = "$(inherited)";
				ASSETCATALOG_COMPILER_APPICON_NAME = AppIcon;
				ASSETCATALOG_COMPILER_GLOBAL_ACCENT_COLOR_NAME = AccentColor;
				CODE_SIGN_STYLE = Automatic;
				CURRENT_PROJECT_VERSION = 1;
				DEVELOPMENT_ASSET_PATHS = "\"TicTacToe/Preview Content\"";
				ENABLE_PREVIEWS = YES;
				ENABLE_USER_SCRIPT_SANDBOXING = NO;
				GENERATE_INFOPLIST_FILE = YES;
				INFOPLIST_KEY_UIApplicationSceneManifest_Generation = YES;
				INFOPLIST_KEY_UIApplicationSupportsIndirectInputEvents = YES;
				INFOPLIST_KEY_UILaunchScreen_Generation = YES;
				INFOPLIST_KEY_UISupportedInterfaceOrientations_iPad = "UIInterfaceOrientationPortrait UIInterfaceOrientationPortraitUpsideDown UIInterfaceOrientationLandscapeLeft UIInterfaceOrientationLandscapeRight";
				INFOPLIST_KEY_UISupportedInterfaceOrientations_iPhone = "UIInterfaceOrientationPortrait UIInterfaceOrientationLandscapeLeft UIInterfaceOrientationLandscapeRight";
				LD_RUNPATH_SEARCH_PATHS = (
					"$(inherited)",
					"@executable_path/Frameworks",
				);
				MARKETING_VERSION = 1.0;
				PRODUCT_BUNDLE_IDENTIFIER = asirenko.TicTacToe;
				PRODUCT_NAME = "$(TARGET_NAME)";
				SWIFT_EMIT_LOC_STRINGS = YES;
				SWIFT_VERSION = 5.0;
				TARGETED_DEVICE_FAMILY = "1,2";
			};
			name = Release;
		};
		5D66B70D2BF4B0010098E452 /* Debug */ = {
			isa = XCBuildConfiguration;
			baseConfigurationReference = 9FB7A135A904713689E6514F /* Pods-TicTacToeTests.debug.xcconfig */;
			buildSettings = {
				ALWAYS_EMBED_SWIFT_STANDARD_LIBRARIES = "$(inherited)";
				BUNDLE_LOADER = "$(TEST_HOST)";
				CODE_SIGN_STYLE = Automatic;
				CURRENT_PROJECT_VERSION = 1;
				GENERATE_INFOPLIST_FILE = YES;
				IPHONEOS_DEPLOYMENT_TARGET = 17.4;
				MARKETING_VERSION = 1.0;
				PRODUCT_BUNDLE_IDENTIFIER = asirenko.TicTacToeTests;
				PRODUCT_NAME = "$(TARGET_NAME)";
				SWIFT_EMIT_LOC_STRINGS = NO;
				SWIFT_VERSION = 5.0;
				TARGETED_DEVICE_FAMILY = "1,2";
				TEST_HOST = "$(BUILT_PRODUCTS_DIR)/TicTacToe.app/$(BUNDLE_EXECUTABLE_FOLDER_PATH)/TicTacToe";
			};
			name = Debug;
		};
		5D66B70E2BF4B0010098E452 /* Release */ = {
			isa = XCBuildConfiguration;
			baseConfigurationReference = C068761F1CECE0DF8C8E16C9 /* Pods-TicTacToeTests.release.xcconfig */;
			buildSettings = {
				ALWAYS_EMBED_SWIFT_STANDARD_LIBRARIES = "$(inherited)";
				BUNDLE_LOADER = "$(TEST_HOST)";
				CODE_SIGN_STYLE = Automatic;
				CURRENT_PROJECT_VERSION = 1;
				GENERATE_INFOPLIST_FILE = YES;
				IPHONEOS_DEPLOYMENT_TARGET = 17.4;
				MARKETING_VERSION = 1.0;
				PRODUCT_BUNDLE_IDENTIFIER = asirenko.TicTacToeTests;
				PRODUCT_NAME = "$(TARGET_NAME)";
				SWIFT_EMIT_LOC_STRINGS = NO;
				SWIFT_VERSION = 5.0;
				TARGETED_DEVICE_FAMILY = "1,2";
				TEST_HOST = "$(BUILT_PRODUCTS_DIR)/TicTacToe.app/$(BUNDLE_EXECUTABLE_FOLDER_PATH)/TicTacToe";
			};
			name = Release;
		};
		5D66B7102BF4B0010098E452 /* Debug */ = {
			isa = XCBuildConfiguration;
			baseConfigurationReference = 8FF4F2F73CA3C0B3C7EE0975 /* Pods-TicTacToe-TicTacToeUITests.debug.xcconfig */;
			buildSettings = {
				ALWAYS_EMBED_SWIFT_STANDARD_LIBRARIES = "$(inherited)";
				CODE_SIGN_STYLE = Automatic;
				CURRENT_PROJECT_VERSION = 1;
				ENABLE_USER_SCRIPT_SANDBOXING = NO;
				GENERATE_INFOPLIST_FILE = YES;
				MARKETING_VERSION = 1.0;
				PRODUCT_BUNDLE_IDENTIFIER = asirenko.TicTacToeUITests;
				PRODUCT_NAME = "$(TARGET_NAME)";
				SWIFT_EMIT_LOC_STRINGS = NO;
				SWIFT_VERSION = 5.0;
				TARGETED_DEVICE_FAMILY = "1,2";
				TEST_TARGET_NAME = TicTacToe;
			};
			name = Debug;
		};
		5D66B7112BF4B0010098E452 /* Release */ = {
			isa = XCBuildConfiguration;
			baseConfigurationReference = EAF9CB07B4CB1660DBCF1866 /* Pods-TicTacToe-TicTacToeUITests.release.xcconfig */;
			buildSettings = {
				ALWAYS_EMBED_SWIFT_STANDARD_LIBRARIES = "$(inherited)";
				CODE_SIGN_STYLE = Automatic;
				CURRENT_PROJECT_VERSION = 1;
				ENABLE_USER_SCRIPT_SANDBOXING = NO;
				GENERATE_INFOPLIST_FILE = YES;
				MARKETING_VERSION = 1.0;
				PRODUCT_BUNDLE_IDENTIFIER = asirenko.TicTacToeUITests;
				PRODUCT_NAME = "$(TARGET_NAME)";
				SWIFT_EMIT_LOC_STRINGS = NO;
				SWIFT_VERSION = 5.0;
				TARGETED_DEVICE_FAMILY = "1,2";
				TEST_TARGET_NAME = TicTacToe;
			};
			name = Release;
		};
/* End XCBuildConfiguration section */

/* Begin XCConfigurationList section */
		5D66B6E02BF4AFFF0098E452 /* Build configuration list for PBXProject "TicTacToe" */ = {
			isa = XCConfigurationList;
			buildConfigurations = (
				5D66B7072BF4B0010098E452 /* Debug */,
				5D66B7082BF4B0010098E452 /* Release */,
			);
			defaultConfigurationIsVisible = 0;
			defaultConfigurationName = Release;
		};
		5D66B7092BF4B0010098E452 /* Build configuration list for PBXNativeTarget "TicTacToe" */ = {
			isa = XCConfigurationList;
			buildConfigurations = (
				5D66B70A2BF4B0010098E452 /* Debug */,
				5D66B70B2BF4B0010098E452 /* Release */,
			);
			defaultConfigurationIsVisible = 0;
			defaultConfigurationName = Release;
		};
		5D66B70C2BF4B0010098E452 /* Build configuration list for PBXNativeTarget "TicTacToeTests" */ = {
			isa = XCConfigurationList;
			buildConfigurations = (
				5D66B70D2BF4B0010098E452 /* Debug */,
				5D66B70E2BF4B0010098E452 /* Release */,
			);
			defaultConfigurationIsVisible = 0;
			defaultConfigurationName = Release;
		};
		5D66B70F2BF4B0010098E452 /* Build configuration list for PBXNativeTarget "TicTacToeUITests" */ = {
			isa = XCConfigurationList;
			buildConfigurations = (
				5D66B7102BF4B0010098E452 /* Debug */,
				5D66B7112BF4B0010098E452 /* Release */,
			);
			defaultConfigurationIsVisible = 0;
			defaultConfigurationName = Release;
		};
/* End XCConfigurationList section */
	};
	rootObject = 5D66B6DD2BF4AFFF0098E452 /* Project object */;
}
